
Microsoft Visual Studio Solution File, Format Version 12.00
# Visual Studio 14
VisualStudioVersion = 14.0.25420.1
MinimumVisualStudioVersion = 10.0.40219.1
Project("{FAE04EC0-301F-11D3-BF4B-00C04F79EFBC}") = "PeerUI", "PeerUI\PeerUI.csproj", "{ED9DB02D-9AFC-4473-B758-10CB845B5574}"
	ProjectSection(ProjectDependencies) = postProject
		{EC139056-6F2D-402B-B518-3584136A9275} = {EC139056-6F2D-402B-B518-3584136A9275}
	EndProjectSection
EndProject
Project("{FAE04EC0-301F-11D3-BF4B-00C04F79EFBC}") = "TorrentWcfServiceLibrary", "TorrentWcfServiceLibrary\TorrentWcfServiceLibrary.csproj", "{EC139056-6F2D-402B-B518-3584136A9275}"
EndProject
Project("{FAE04EC0-301F-11D3-BF4B-00C04F79EFBC}") = "WCFServer", "WCFServer\WCFServer.csproj", "{57CAC50A-A36B-4184-BAF0-EE1506F2AC54}"
EndProject
Project("{FAE04EC0-301F-11D3-BF4B-00C04F79EFBC}") = "DAL", "DAL\DAL.csproj", "{EC96F7FC-37B3-4FBB-ACA8-C7C22A013591}"
EndProject
Project("{FAE04EC0-301F-11D3-BF4B-00C04F79EFBC}") = "TorrentWebSiteASP", "TorrentWebSiteASP\TorrentWebSiteASP.csproj", "{310D2F63-3F8C-4C87-9304-7867D084962F}"
EndProject
Project("{FAE04EC0-301F-11D3-BF4B-00C04F79EFBC}") = "ClassDLL", "ClassDLL\ClassDLL.csproj", "{F5CED1ED-F04A-49B4-A63B-75F91D778657}"
EndProject
Global
	GlobalSection(SolutionConfigurationPlatforms) = preSolution
		Debug|Any CPU = Debug|Any CPU
		Release|Any CPU = Release|Any CPU
	EndGlobalSection
	GlobalSection(ProjectConfigurationPlatforms) = postSolution
		{ED9DB02D-9AFC-4473-B758-10CB845B5574}.Debug|Any CPU.ActiveCfg = Debug|Any CPU
		{ED9DB02D-9AFC-4473-B758-10CB845B5574}.Debug|Any CPU.Build.0 = Debug|Any CPU
		{ED9DB02D-9AFC-4473-B758-10CB845B5574}.Release|Any CPU.ActiveCfg = Release|Any CPU
		{ED9DB02D-9AFC-4473-B758-10CB845B5574}.Release|Any CPU.Build.0 = Release|Any CPU
		{EC139056-6F2D-402B-B518-3584136A9275}.Debug|Any CPU.ActiveCfg = Debug|Any CPU
		{EC139056-6F2D-402B-B518-3584136A9275}.Debug|Any CPU.Build.0 = Debug|Any CPU
		{EC139056-6F2D-402B-B518-3584136A9275}.Release|Any CPU.ActiveCfg = Release|Any CPU
		{EC139056-6F2D-402B-B518-3584136A9275}.Release|Any CPU.Build.0 = Release|Any CPU
		{57CAC50A-A36B-4184-BAF0-EE1506F2AC54}.Debug|Any CPU.ActiveCfg = Debug|Any CPU
		{57CAC50A-A36B-4184-BAF0-EE1506F2AC54}.Debug|Any CPU.Build.0 = Debug|Any CPU
		{57CAC50A-A36B-4184-BAF0-EE1506F2AC54}.Release|Any CPU.ActiveCfg = Release|Any CPU
		{57CAC50A-A36B-4184-BAF0-EE1506F2AC54}.Release|Any CPU.Build.0 = Release|Any CPU
		{EC96F7FC-37B3-4FBB-ACA8-C7C22A013591}.Debug|Any CPU.ActiveCfg = Debug|Any CPU
		{EC96F7FC-37B3-4FBB-ACA8-C7C22A013591}.Debug|Any CPU.Build.0 = Debug|Any CPU
		{EC96F7FC-37B3-4FBB-ACA8-C7C22A013591}.Release|Any CPU.ActiveCfg = Release|Any CPU
		{EC96F7FC-37B3-4FBB-ACA8-C7C22A013591}.Release|Any CPU.Build.0 = Release|Any CPU
		{310D2F63-3F8C-4C87-9304-7867D084962F}.Debug|Any CPU.ActiveCfg = Debug|Any CPU
		{310D2F63-3F8C-4C87-9304-7867D084962F}.Debug|Any CPU.Build.0 = Debug|Any CPU
		{310D2F63-3F8C-4C87-9304-7867D084962F}.Release|Any CPU.ActiveCfg = Release|Any CPU
		{310D2F63-3F8C-4C87-9304-7867D084962F}.Release|Any CPU.Build.0 = Release|Any CPU
		{F5CED1ED-F04A-49B4-A63B-75F91D778657}.Debug|Any CPU.ActiveCfg = Debug|Any CPU
		{F5CED1ED-F04A-49B4-A63B-75F91D778657}.Debug|Any CPU.Build.0 = Debug|Any CPU
		{F5CED1ED-F04A-49B4-A63B-75F91D778657}.Release|Any CPU.ActiveCfg = Release|Any CPU
		{F5CED1ED-F04A-49B4-A63B-75F91D778657}.Release|Any CPU.Build.0 = Release|Any CPU
	EndGlobalSection
	GlobalSection(SolutionProperties) = preSolution
		HideSolutionNode = FALSE
	EndGlobalSection
EndGlobal
